
Microsoft Visual Studio Solution File, Format Version 12.00
# Visual Studio Version 16
VisualStudioVersion = 16.0.808.3
MinimumVisualStudioVersion = 10.0.40219.1
Project("{FAE04EC0-301F-11D3-BF4B-00C04F79EFBC}") = "Loops", "Loops\Loops.csproj", "{0002A4DD-1080-4712-9911-80D48435F7F5}"
EndProject
Global
	GlobalSection(SolutionConfigurationPlatforms) = preSolution
		Debug|Any CPU = Debug|Any CPU
		Release|Any CPU = Release|Any CPU
	EndGlobalSection
	GlobalSection(ProjectConfigurationPlatforms) = postSolution
		{0002A4DD-1080-4712-9911-80D48435F7F5}.Debug|Any CPU.ActiveCfg = Debug|Any CPU
		{0002A4DD-1080-4712-9911-80D48435F7F5}.Debug|Any CPU.Build.0 = Debug|Any CPU
		{0002A4DD-1080-4712-9911-80D48435F7F5}.Release|Any CPU.ActiveCfg = Release|Any CPU
		{0002A4DD-1080-4712-9911-80D48435F7F5}.Release|Any CPU.Build.0 = Release|Any CPU
	EndGlobalSection
	GlobalSection(SolutionProperties) = preSolution
		HideSolutionNode = FALSE
	EndGlobalSection
	GlobalSection(ExtensibilityGlobals) = postSolution
		SolutionGuid = {F9E0DFAA-3734-4DAA-95AA-E40531977F92}
	EndGlobalSection
EndGlobal
